{
  "name": "fileencryptionutility",
  "version": "1.0.0",
  "lockfileVersion": 3,
  "requires": true,
  "packages": {
    "": {
      "name": "fileencryptionutility",
      "version": "1.0.0",
      "license": "MIT",
      "dependencies": {
        "localizationtoolkit": "^1.0.0"
      }
    },
    "node_modules/localizationtoolkit": {
      "version": "1.0.0",
      "resolved": "https://registry.npmjs.org/localizationtoolkit/-/localizationtoolkit-1.0.0.tgz",
      "integrity": "sha512-mc13LAaaXWPhgL+k7iq2OQQcayw18A3svPw+j2OJ7gE3AL1wk0dbMnyNFfyDKjIXO0UOo+ocGg+8JfnnaIFqtg=="
    }
  }
}
